
Microsoft Visual Studio Solution File, Format Version 12.00
# Visual Studio 15
VisualStudioVersion = 15.0.28307.421
MinimumVisualStudioVersion = 10.0.40219.1
Project("{FAE04EC0-301F-11D3-BF4B-00C04F79EFBC}") = "Prac3", "Prac3\Prac3.csproj", "{55687449-AFE9-4AD0-8D6E-1FE32455E3AA}"
EndProject
Project("{2150E333-8FDC-42A3-9474-1A3956D46DE8}") = "Solution Items", "Solution Items", "{B72D2052-6028-4943-B3D5-F3B57B8DAAA9}"
	ProjectSection(SolutionItems) = preProject
		..\..\..\..\OneDrive\Documents\Rhodes University 2019\ComSci 201\Prac 3\GenericList.cs = ..\..\..\..\OneDrive\Documents\Rhodes University 2019\ComSci 201\Prac 3\GenericList.cs
		..\..\..\..\OneDrive\Documents\Rhodes University 2019\ComSci 201\Prac 3\wordlist = ..\..\..\..\OneDrive\Documents\Rhodes University 2019\ComSci 201\Prac 3\wordlist
	EndProjectSection
EndProject
Global
	GlobalSection(SolutionConfigurationPlatforms) = preSolution
		Debug|Any CPU = Debug|Any CPU
		Release|Any CPU = Release|Any CPU
	EndGlobalSection
	GlobalSection(ProjectConfigurationPlatforms) = postSolution
		{55687449-AFE9-4AD0-8D6E-1FE32455E3AA}.Debug|Any CPU.ActiveCfg = Debug|Any CPU
		{55687449-AFE9-4AD0-8D6E-1FE32455E3AA}.Debug|Any CPU.Build.0 = Debug|Any CPU
		{55687449-AFE9-4AD0-8D6E-1FE32455E3AA}.Release|Any CPU.ActiveCfg = Release|Any CPU
		{55687449-AFE9-4AD0-8D6E-1FE32455E3AA}.Release|Any CPU.Build.0 = Release|Any CPU
	EndGlobalSection
	GlobalSection(SolutionProperties) = preSolution
		HideSolutionNode = FALSE
	EndGlobalSection
	GlobalSection(ExtensibilityGlobals) = postSolution
		SolutionGuid = {E8AB5E2A-963C-428C-A172-30281D17B786}
	EndGlobalSection
EndGlobal
